
Microsoft Visual Studio Solution File, Format Version 12.00
# Visual Studio Version 17
VisualStudioVersion = 17.0.31903.59
MinimumVisualStudioVersion = 10.0.40219.1
Project("{2150E333-8FDC-42A3-9474-1A3956D46DE8}") = "src", "src", "{D2BCA3CD-796E-4022-ACAF-359181B02CA9}"
EndProject
Project("{FAE04EC0-301F-11D3-BF4B-00C04F79EFBC}") = "GroceryApi", "src\GroceryApi\GroceryApi.csproj", "{298A3EFD-6135-43A9-BC8B-5CDE62C1109E}"
EndProject
Project("{2150E333-8FDC-42A3-9474-1A3956D46DE8}") = "tests", "tests", "{A08ABB1A-5AAD-404F-B298-FD1B8786199F}"
EndProject
Project("{FAE04EC0-301F-11D3-BF4B-00C04F79EFBC}") = "GroceryApi.Tests", "tests\GroceryApi.Tests\GroceryApi.Tests.csproj", "{EAFA362A-0916-4C88-952A-95E1AACC8A70}"
EndProject
Global
	GlobalSection(SolutionConfigurationPlatforms) = preSolution
		Debug|Any CPU = Debug|Any CPU
		Release|Any CPU = Release|Any CPU
	EndGlobalSection
	GlobalSection(SolutionProperties) = preSolution
		HideSolutionNode = FALSE
	EndGlobalSection
	GlobalSection(ProjectConfigurationPlatforms) = postSolution
		{298A3EFD-6135-43A9-BC8B-5CDE62C1109E}.Debug|Any CPU.ActiveCfg = Debug|Any CPU
		{298A3EFD-6135-43A9-BC8B-5CDE62C1109E}.Debug|Any CPU.Build.0 = Debug|Any CPU
		{298A3EFD-6135-43A9-BC8B-5CDE62C1109E}.Release|Any CPU.ActiveCfg = Release|Any CPU
		{298A3EFD-6135-43A9-BC8B-5CDE62C1109E}.Release|Any CPU.Build.0 = Release|Any CPU
		{EAFA362A-0916-4C88-952A-95E1AACC8A70}.Debug|Any CPU.ActiveCfg = Debug|Any CPU
		{EAFA362A-0916-4C88-952A-95E1AACC8A70}.Debug|Any CPU.Build.0 = Debug|Any CPU
		{EAFA362A-0916-4C88-952A-95E1AACC8A70}.Release|Any CPU.ActiveCfg = Release|Any CPU
		{EAFA362A-0916-4C88-952A-95E1AACC8A70}.Release|Any CPU.Build.0 = Release|Any CPU
	EndGlobalSection
	GlobalSection(NestedProjects) = preSolution
		{298A3EFD-6135-43A9-BC8B-5CDE62C1109E} = {D2BCA3CD-796E-4022-ACAF-359181B02CA9}
		{EAFA362A-0916-4C88-952A-95E1AACC8A70} = {A08ABB1A-5AAD-404F-B298-FD1B8786199F}
	EndGlobalSection
EndGlobal
